// !$*UTF8*$!
{
	archiveVersion = 1;
	classes = {
	};
	objectVersion = 46;
	objects = {

/* Begin PBXBuildFile section */
		091C413A1E47D12900CBFB11 /* logo1.png in Resources */ = {isa = PBXBuildFile; fileRef = 091C41381E47D12900CBFB11 /* logo1.png */; };
		091C413B1E47D12900CBFB11 /* logo2.png in Resources */ = {isa = PBXBuildFile; fileRef = 091C41391E47D12900CBFB11 /* logo2.png */; };
		092617EE1E471E3B0004B015 /* Correct.mp3 in Resources */ = {isa = PBXBuildFile; fileRef = 092617EC1E471E3B0004B015 /* Correct.mp3 */; };
		092617EF1E471E3B0004B015 /* Wrong.mp3 in Resources */ = {isa = PBXBuildFile; fileRef = 092617ED1E471E3B0004B015 /* Wrong.mp3 */; };
		09301FD91E4589C700CC5C3E /* logo.png in Resources */ = {isa = PBXBuildFile; fileRef = 09301FD81E4589C700CC5C3E /* logo.png */; };
		09458DD61E41CE030050077F /* AppDelegate.swift in Sources */ = {isa = PBXBuildFile; fileRef = 09458DD51E41CE030050077F /* AppDelegate.swift */; };
		09458DD81E41CE030050077F /* ViewController.swift in Sources */ = {isa = PBXBuildFile; fileRef = 09458DD71E41CE030050077F /* ViewController.swift */; };
		09458DDB1E41CE030050077F /* Main.storyboard in Resources */ = {isa = PBXBuildFile; fileRef = 09458DD91E41CE030050077F /* Main.storyboard */; };
		09458DDD1E41CE030050077F /* Assets.xcassets in Resources */ = {isa = PBXBuildFile; fileRef = 09458DDC1E41CE030050077F /* Assets.xcassets */; };
		09458DE01E41CE030050077F /* LaunchScreen.storyboard in Resources */ = {isa = PBXBuildFile; fileRef = 09458DDE1E41CE030050077F /* LaunchScreen.storyboard */; };
		09458DEB1E41CE040050077F /* LanguageNumberPicker_Project3Tests.swift in Sources */ = {isa = PBXBuildFile; fileRef = 09458DEA1E41CE040050077F /* LanguageNumberPicker_Project3Tests.swift */; };
		09458DF61E41CE040050077F /* LanguageNumberPicker_Project3UITests.swift in Sources */ = {isa = PBXBuildFile; fileRef = 09458DF51E41CE040050077F /* LanguageNumberPicker_Project3UITests.swift */; };
		09458E051E41DC480050077F /* AVFoundation.framework in Frameworks */ = {isa = PBXBuildFile; fileRef = 09458E041E41DC480050077F /* AVFoundation.framework */; };
/* End PBXBuildFile section */

/* Begin PBXContainerItemProxy section */
		09458DE71E41CE040050077F /* PBXContainerItemProxy */ = {
			isa = PBXContainerItemProxy;
			containerPortal = 09458DCA1E41CE030050077F /* Project object */;
			proxyType = 1;
			remoteGlobalIDString = 09458DD11E41CE030050077F;
			remoteInfo = "LanguageNumberPicker-Project3";
		};
		09458DF21E41CE040050077F /* PBXContainerItemProxy */ = {
			isa = PBXContainerItemProxy;
			containerPortal = 09458DCA1E41CE030050077F /* Project object */;
			proxyType = 1;
			remoteGlobalIDString = 09458DD11E41CE030050077F;
			remoteInfo = "LanguageNumberPicker-Project3";
		};
/* End PBXContainerItemProxy section */

/* Begin PBXFileReference section */
		091C41381E47D12900CBFB11 /* logo1.png */ = {isa = PBXFileReference; lastKnownFileType = image.png; path = logo1.png; sourceTree = "<group>"; };
		091C41391E47D12900CBFB11 /* logo2.png */ = {isa = PBXFileReference; lastKnownFileType = image.png; path = logo2.png; sourceTree = "<group>"; };
		092617EC1E471E3B0004B015 /* Correct.mp3 */ = {isa = PBXFileReference; lastKnownFileType = audio.mp3; path = Correct.mp3; sourceTree = "<group>"; };
		092617ED1E471E3B0004B015 /* Wrong.mp3 */ = {isa = PBXFileReference; lastKnownFileType = audio.mp3; path = Wrong.mp3; sourceTree = "<group>"; };
		09301FD81E4589C700CC5C3E /* logo.png */ = {isa = PBXFileReference; lastKnownFileType = image.png; path = logo.png; sourceTree = "<group>"; };
		09458DD21E41CE030050077F /* LanguageNumberPicker-Project3.app */ = {isa = PBXFileReference; explicitFileType = wrapper.application; includeInIndex = 0; path = "LanguageNumberPicker-Project3.app"; sourceTree = BUILT_PRODUCTS_DIR; };
		09458DD51E41CE030050077F /* AppDelegate.swift */ = {isa = PBXFileReference; lastKnownFileType = sourcecode.swift; path = AppDelegate.swift; sourceTree = "<group>"; };
		09458DD71E41CE030050077F /* ViewController.swift */ = {isa = PBXFileReference; lastKnownFileType = sourcecode.swift; path = ViewController.swift; sourceTree = "<group>"; };
		09458DDA1E41CE030050077F /* Base */ = {isa = PBXFileReference; lastKnownFileType = file.storyboard; name = Base; path = Base.lproj/Main.storyboard; sourceTree = "<group>"; };
		09458DDC1E41CE030050077F /* Assets.xcassets */ = {isa = PBXFileReference; lastKnownFileType = folder.assetcatalog; path = Assets.xcassets; sourceTree = "<group>"; };
		09458DDF1E41CE030050077F /* Base */ = {isa = PBXFileReference; lastKnownFileType = file.storyboard; name = Base; path = Base.lproj/LaunchScreen.storyboard; sourceTree = "<group>"; };
		09458DE11E41CE030050077F /* Info.plist */ = {isa = PBXFileReference; lastKnownFileType = text.plist.xml; path = Info.plist; sourceTree = "<group>"; };
		09458DE61E41CE040050077F /* LanguageNumberPicker-Project3Tests.xctest */ = {isa = PBXFileReference; explicitFileType = wrapper.cfbundle; includeInIndex = 0; path = "LanguageNumberPicker-Project3Tests.xctest"; sourceTree = BUILT_PRODUCTS_DIR; };
		09458DEA1E41CE040050077F /* LanguageNumberPicker_Project3Tests.swift */ = {isa = PBXFileReference; lastKnownFileType = sourcecode.swift; path = LanguageNumberPicker_Project3Tests.swift; sourceTree = "<group>"; };
		09458DEC1E41CE040050077F /* Info.plist */ = {isa = PBXFileReference; lastKnownFileType = text.plist.xml; path = Info.plist; sourceTree = "<group>"; };
		09458DF11E41CE040050077F /* LanguageNumberPicker-Project3UITests.xctest */ = {isa = PBXFileReference; explicitFileType = wrapper.cfbundle; includeInIndex = 0; path = "LanguageNumberPicker-Project3UITests.xctest"; sourceTree = BUILT_PRODUCTS_DIR; };
		09458DF51E41CE040050077F /* LanguageNumberPicker_Project3UITests.swift */ = {isa = PBXFileReference; lastKnownFileType = sourcecode.swift; path = LanguageNumberPicker_Project3UITests.swift; sourceTree = "<group>"; };
		09458DF71E41CE040050077F /* Info.plist */ = {isa = PBXFileReference; lastKnownFileType = text.plist.xml; path = Info.plist; sourceTree = "<group>"; };
		09458E041E41DC480050077F /* AVFoundation.framework */ = {isa = PBXFileReference; lastKnownFileType = wrapper.framework; name = AVFoundation.framework; path = System/Library/Frameworks/AVFoundation.framework; sourceTree = SDKROOT; };
/* End PBXFileReference section */

/* Begin PBXFrameworksBuildPhase section */
		09458DCF1E41CE030050077F /* Frameworks */ = {
			isa = PBXFrameworksBuildPhase;
			buildActionMask = 2147483647;
			files = (
				09458E051E41DC480050077F /* AVFoundation.framework in Frameworks */,
			);
			runOnlyForDeploymentPostprocessing = 0;
		};
		09458DE31E41CE040050077F /* Frameworks */ = {
			isa = PBXFrameworksBuildPhase;
			buildActionMask = 2147483647;
			files = (
			);
			runOnlyForDeploymentPostprocessing = 0;
		};
		09458DEE1E41CE040050077F /* Frameworks */ = {
			isa = PBXFrameworksBuildPhase;
			buildActionMask = 2147483647;
			files = (
			);
			runOnlyForDeploymentPostprocessing = 0;
		};
/* End PBXFrameworksBuildPhase section */

/* Begin PBXGroup section */
		09458DC91E41CE030050077F = {
			isa = PBXGroup;
			children = (
				09458DD41E41CE030050077F /* LanguageNumberPicker-Project3 */,
				09458DE91E41CE040050077F /* LanguageNumberPicker-Project3Tests */,
				09458DF41E41CE040050077F /* LanguageNumberPicker-Project3UITests */,
				09458DD31E41CE030050077F /* Products */,
				09458E031E41DC480050077F /* Frameworks */,
			);
			sourceTree = "<group>";
		};
		09458DD31E41CE030050077F /* Products */ = {
			isa = PBXGroup;
			children = (
				09458DD21E41CE030050077F /* LanguageNumberPicker-Project3.app */,
				09458DE61E41CE040050077F /* LanguageNumberPicker-Project3Tests.xctest */,
				09458DF11E41CE040050077F /* LanguageNumberPicker-Project3UITests.xctest */,
			);
			name = Products;
			sourceTree = "<group>";
		};
		09458DD41E41CE030050077F /* LanguageNumberPicker-Project3 */ = {
			isa = PBXGroup;
			children = (
				091C41381E47D12900CBFB11 /* logo1.png */,
				091C41391E47D12900CBFB11 /* logo2.png */,
				092617EC1E471E3B0004B015 /* Correct.mp3 */,
				092617ED1E471E3B0004B015 /* Wrong.mp3 */,
				09301FD81E4589C700CC5C3E /* logo.png */,
				09458DD51E41CE030050077F /* AppDelegate.swift */,
				09458DD71E41CE030050077F /* ViewController.swift */,
				09458DD91E41CE030050077F /* Main.storyboard */,
				09458DDC1E41CE030050077F /* Assets.xcassets */,
				09458DDE1E41CE030050077F /* LaunchScreen.storyboard */,
				09458DE11E41CE030050077F /* Info.plist */,
			);
			path = "LanguageNumberPicker-Project3";
			sourceTree = "<group>";
		};
		09458DE91E41CE040050077F /* LanguageNumberPicker-Project3Tests */ = {
			isa = PBXGroup;
			children = (
				09458DEA1E41CE040050077F /* LanguageNumberPicker_Project3Tests.swift */,
				09458DEC1E41CE040050077F /* Info.plist */,
			);
			path = "LanguageNumberPicker-Project3Tests";
			sourceTree = "<group>";
		};
		09458DF41E41CE040050077F /* LanguageNumberPicker-Project3UITests */ = {
			isa = PBXGroup;
			children = (
				09458DF51E41CE040050077F /* LanguageNumberPicker_Project3UITests.swift */,
				09458DF71E41CE040050077F /* Info.plist */,
			);
			path = "LanguageNumberPicker-Project3UITests";
			sourceTree = "<group>";
		};
		09458E031E41DC480050077F /* Frameworks */ = {
			isa = PBXGroup;
			children = (
				09458E041E41DC480050077F /* AVFoundation.framework */,
			);
			name = Frameworks;
			sourceTree = "<group>";
		};
/* End PBXGroup section */

/* Begin PBXNativeTarget section */
		09458DD11E41CE030050077F /* LanguageNumberPicker-Project3 */ = {
			isa = PBXNativeTarget;
			buildConfigurationList = 09458DFA1E41CE040050077F /* Build configuration list for PBXNativeTarget "LanguageNumberPicker-Project3" */;
			buildPhases = (
				09458DCE1E41CE030050077F /* Sources */,
				09458DCF1E41CE030050077F /* Frameworks */,
				09458DD01E41CE030050077F /* Resources */,
			);
			buildRules = (
			);
			dependencies = (
			);
			name = "LanguageNumberPicker-Project3";
			productName = "LanguageNumberPicker-Project3";
			productReference = 09458DD21E41CE030050077F /* LanguageNumberPicker-Project3.app */;
			productType = "com.apple.product-type.application";
		};
		09458DE51E41CE040050077F /* LanguageNumberPicker-Project3Tests */ = {
			isa = PBXNativeTarget;
			buildConfigurationList = 09458DFD1E41CE040050077F /* Build configuration list for PBXNativeTarget "LanguageNumberPicker-Project3Tests" */;
			buildPhases = (
				09458DE21E41CE040050077F /* Sources */,
				09458DE31E41CE040050077F /* Frameworks */,
				09458DE41E41CE040050077F /* Resources */,
			);
			buildRules = (
			);
			dependencies = (
				09458DE81E41CE040050077F /* PBXTargetDependency */,
			);
			name = "LanguageNumberPicker-Project3Tests";
			productName = "LanguageNumberPicker-Project3Tests";
			productReference = 09458DE61E41CE040050077F /* LanguageNumberPicker-Project3Tests.xctest */;
			productType = "com.apple.product-type.bundle.unit-test";
		};
		09458DF01E41CE040050077F /* LanguageNumberPicker-Project3UITests */ = {
			isa = PBXNativeTarget;
			buildConfigurationList = 09458E001E41CE040050077F /* Build configuration list for PBXNativeTarget "LanguageNumberPicker-Project3UITests" */;
			buildPhases = (
				09458DED1E41CE040050077F /* Sources */,
				09458DEE1E41CE040050077F /* Frameworks */,
				09458DEF1E41CE040050077F /* Resources */,
			);
			buildRules = (
			);
			dependencies = (
				09458DF31E41CE040050077F /* PBXTargetDependency */,
			);
			name = "LanguageNumberPicker-Project3UITests";
			productName = "LanguageNumberPicker-Project3UITests";
			productReference = 09458DF11E41CE040050077F /* LanguageNumberPicker-Project3UITests.xctest */;
			productType = "com.apple.product-type.bundle.ui-testing";
		};
/* End PBXNativeTarget section */

/* Begin PBXProject section */
		09458DCA1E41CE030050077F /* Project object */ = {
			isa = PBXProject;
			attributes = {
				LastSwiftUpdateCheck = 0820;
				LastUpgradeCheck = 0820;
				ORGANIZATIONNAME = "Joseph Yalenkatian";
				TargetAttributes = {
					09458DD11E41CE030050077F = {
						CreatedOnToolsVersion = 8.2.1;
						ProvisioningStyle = Automatic;
					};
					09458DE51E41CE040050077F = {
						CreatedOnToolsVersion = 8.2.1;
						ProvisioningStyle = Automatic;
						TestTargetID = 09458DD11E41CE030050077F;
					};
					09458DF01E41CE040050077F = {
						CreatedOnToolsVersion = 8.2.1;
						ProvisioningStyle = Automatic;
						TestTargetID = 09458DD11E41CE030050077F;
					};
				};
			};
			buildConfigurationList = 09458DCD1E41CE030050077F /* Build configuration list for PBXProject "LanguageNumberPicker-Project3" */;
			compatibilityVersion = "Xcode 3.2";
			developmentRegion = English;
			hasScannedForEncodings = 0;
			knownRegions = (
				en,
				Base,
			);
			mainGroup = 09458DC91E41CE030050077F;
			productRefGroup = 09458DD31E41CE030050077F /* Products */;
			projectDirPath = "";
			projectRoot = "";
			targets = (
				09458DD11E41CE030050077F /* LanguageNumberPicker-Project3 */,
				09458DE51E41CE040050077F /* LanguageNumberPicker-Project3Tests */,
				09458DF01E41CE040050077F /* LanguageNumberPicker-Project3UITests */,
			);
		};
/* End PBXProject section */

/* Begin PBXResourcesBuildPhase section */
		09458DD01E41CE030050077F /* Resources */ = {
			isa = PBXResourcesBuildPhase;
			buildActionMask = 2147483647;
			files = (
				092617EE1E471E3B0004B015 /* Correct.mp3 in Resources */,
				09301FD91E4589C700CC5C3E /* logo.png in Resources */,
				092617EF1E471E3B0004B015 /* Wrong.mp3 in Resources */,
				09458DE01E41CE030050077F /* LaunchScreen.storyboard in Resources */,
				09458DDD1E41CE030050077F /* Assets.xcassets in Resources */,
				09458DDB1E41CE030050077F /* Main.storyboard in Resources */,
				091C413A1E47D12900CBFB11 /* logo1.png in Resources */,
				091C413B1E47D12900CBFB11 /* logo2.png in Resources */,
			);
			runOnlyForDeploymentPostprocessing = 0;
		};
		09458DE41E41CE040050077F /* Resources */ = {
			isa = PBXResourcesBuildPhase;
			buildActionMask = 2147483647;
			files = (
			);
			runOnlyForDeploymentPostprocessing = 0;
		};
		09458DEF1E41CE040050077F /* Resources */ = {
			isa = PBXResourcesBuildPhase;
			buildActionMask = 2147483647;
			files = (
			);
			runOnlyForDeploymentPostprocessing = 0;
		};
/* End PBXResourcesBuildPhase section */

/* Begin PBXSourcesBuildPhase section */
		09458DCE1E41CE030050077F /* Sources */ = {
			isa = PBXSourcesBuildPhase;
			buildActionMask = 2147483647;
			files = (
				09458DD81E41CE030050077F /* ViewController.swift in Sources */,
				09458DD61E41CE030050077F /* AppDelegate.swift in Sources */,
			);
			runOnlyForDeploymentPostprocessing = 0;
		};
		09458DE21E41CE040050077F /* Sources */ = {
			isa = PBXSourcesBuildPhase;
			buildActionMask = 2147483647;
			files = (
				09458DEB1E41CE040050077F /* LanguageNumberPicker_Project3Tests.swift in Sources */,
			);
			runOnlyForDeploymentPostprocessing = 0;
		};
		09458DED1E41CE040050077F /* Sources */ = {
			isa = PBXSourcesBuildPhase;
			buildActionMask = 2147483647;
			files = (
				09458DF61E41CE040050077F /* LanguageNumberPicker_Project3UITests.swift in Sources */,
			);
			runOnlyForDeploymentPostprocessing = 0;
		};
/* End PBXSourcesBuildPhase section */

/* Begin PBXTargetDependency section */
		09458DE81E41CE040050077F /* PBXTargetDependency */ = {
			isa = PBXTargetDependency;
			target = 09458DD11E41CE030050077F /* LanguageNumberPicker-Project3 */;
			targetProxy = 09458DE71E41CE040050077F /* PBXContainerItemProxy */;
		};
		09458DF31E41CE040050077F /* PBXTargetDependency */ = {
			isa = PBXTargetDependency;
			target = 09458DD11E41CE030050077F /* LanguageNumberPicker-Project3 */;
			targetProxy = 09458DF21E41CE040050077F /* PBXContainerItemProxy */;
		};
/* End PBXTargetDependency section */

/* Begin PBXVariantGroup section */
		09458DD91E41CE030050077F /* Main.storyboard */ = {
			isa = PBXVariantGroup;
			children = (
				09458DDA1E41CE030050077F /* Base */,
			);
			name = Main.storyboard;
			sourceTree = "<group>";
		};
		09458DDE1E41CE030050077F /* LaunchScreen.storyboard */ = {
			isa = PBXVariantGroup;
			children = (
				09458DDF1E41CE030050077F /* Base */,
			);
			name = LaunchScreen.storyboard;
			sourceTree = "<group>";
		};
/* End PBXVariantGroup section */

/* Begin XCBuildConfiguration section */
		09458DF81E41CE040050077F /* Debug */ = {
			isa = XCBuildConfiguration;
			buildSettings = {
				ALWAYS_SEARCH_USER_PATHS = NO;
				CLANG_ANALYZER_NONNULL = YES;
				CLANG_CXX_LANGUAGE_STANDARD = "gnu++0x";
				CLANG_CXX_LIBRARY = "libc++";
				CLANG_ENABLE_MODULES = YES;
				CLANG_ENABLE_OBJC_ARC = YES;
				CLANG_WARN_BOOL_CONVERSION = YES;
				CLANG_WARN_CONSTANT_CONVERSION = YES;
				CLANG_WARN_DIRECT_OBJC_ISA_USAGE = YES_ERROR;
				CLANG_WARN_DOCUMENTATION_COMMENTS = YES;
				CLANG_WARN_EMPTY_BODY = YES;
				CLANG_WARN_ENUM_CONVERSION = YES;
				CLANG_WARN_INFINITE_RECURSION = YES;
				CLANG_WARN_INT_CONVERSION = YES;
				CLANG_WARN_OBJC_ROOT_CLASS = YES_ERROR;
				CLANG_WARN_SUSPICIOUS_MOVE = YES;
				CLANG_WARN_UNREACHABLE_CODE = YES;
				CLANG_WARN__DUPLICATE_METHOD_MATCH = YES;
				"CODE_SIGN_IDENTITY[sdk=iphoneos*]" = "iPhone Developer";
				COPY_PHASE_STRIP = NO;
				DEBUG_INFORMATION_FORMAT = dwarf;
				ENABLE_STRICT_OBJC_MSGSEND = YES;
				ENABLE_TESTABILITY = YES;
				GCC_C_LANGUAGE_STANDARD = gnu99;
				GCC_DYNAMIC_NO_PIC = NO;
				GCC_NO_COMMON_BLOCKS = YES;
				GCC_OPTIMIZATION_LEVEL = 0;
				GCC_PREPROCESSOR_DEFINITIONS = (
					"DEBUG=1",
					"$(inherited)",
				);
				GCC_WARN_64_TO_32_BIT_CONVERSION = YES;
				GCC_WARN_ABOUT_RETURN_TYPE = YES_ERROR;
				GCC_WARN_UNDECLARED_SELECTOR = YES;
				GCC_WARN_UNINITIALIZED_AUTOS = YES_AGGRESSIVE;
				GCC_WARN_UNUSED_FUNCTION = YES;
				GCC_WARN_UNUSED_VARIABLE = YES;
				IPHONEOS_DEPLOYMENT_TARGET = 10.2;
				MTL_ENABLE_DEBUG_INFO = YES;
				ONLY_ACTIVE_ARCH = YES;
				SDKROOT = iphoneos;
				SWIFT_ACTIVE_COMPILATION_CONDITIONS = DEBUG;
				SWIFT_OPTIMIZATION_LEVEL = "-Onone";
				TARGETED_DEVICE_FAMILY = "1,2";
			};
			name = Debug;
		};
		09458DF91E41CE040050077F /* Release */ = {
			isa = XCBuildConfiguration;
			buildSettings = {
				ALWAYS_SEARCH_USER_PATHS = NO;
				CLANG_ANALYZER_NONNULL = YES;
				CLANG_CXX_LANGUAGE_STANDARD = "gnu++0x";
				CLANG_CXX_LIBRARY = "libc++";
				CLANG_ENABLE_MODULES = YES;
				CLANG_ENABLE_OBJC_ARC = YES;
				CLANG_WARN_BOOL_CONVERSION = YES;
				CLANG_WARN_CONSTANT_CONVERSION = YES;
				CLANG_WARN_DIRECT_OBJC_ISA_USAGE = YES_ERROR;
				CLANG_WARN_DOCUMENTATION_COMMENTS = YES;
				CLANG_WARN_EMPTY_BODY = YES;
				CLANG_WARN_ENUM_CONVERSION = YES;
				CLANG_WARN_INFINITE_RECURSION = YES;
				CLANG_WARN_INT_CONVERSION = YES;
				CLANG_WARN_OBJC_ROOT_CLASS = YES_ERROR;
				CLANG_WARN_SUSPICIOUS_MOVE = YES;
				CLANG_WARN_UNREACHABLE_CODE = YES;
				CLANG_WARN__DUPLICATE_METHOD_MATCH = YES;
				"CODE_SIGN_IDENTITY[sdk=iphoneos*]" = "iPhone Developer";
				COPY_PHASE_STRIP = NO;
				DEBUG_INFORMATION_FORMAT = "dwarf-with-dsym";
				ENABLE_NS_ASSERTIONS = NO;
				ENABLE_STRICT_OBJC_MSGSEND = YES;
				GCC_C_LANGUAGE_STANDARD = gnu99;
				GCC_NO_COMMON_BLOCKS = YES;
				GCC_WARN_64_TO_32_BIT_CONVERSION = YES;
				GCC_WARN_ABOUT_RETURN_TYPE = YES_ERROR;
				GCC_WARN_UNDECLARED_SELECTOR = YES;
				GCC_WARN_UNINITIALIZED_AUTOS = YES_AGGRESSIVE;
				GCC_WARN_UNUSED_FUNCTION = YES;
				GCC_WARN_UNUSED_VARIABLE = YES;
				IPHONEOS_DEPLOYMENT_TARGET = 10.2;
				MTL_ENABLE_DEBUG_INFO = NO;
				SDKROOT = iphoneos;
				SWIFT_OPTIMIZATION_LEVEL = "-Owholemodule";
				TARGETED_DEVICE_FAMILY = "1,2";
				VALIDATE_PRODUCT = YES;
			};
			name = Release;
		};
		09458DFB1E41CE040050077F /* Debug */ = {
			isa = XCBuildConfiguration;
			buildSettings = {
				ASSETCATALOG_COMPILER_APPICON_NAME = AppIcon;
				INFOPLIST_FILE = "LanguageNumberPicker-Project3/Info.plist";
				LD_RUNPATH_SEARCH_PATHS = "$(inherited) @executable_path/Frameworks";
				PRODUCT_BUNDLE_IDENTIFIER = "CS-489.LanguageNumberPicker-Project3";
				PRODUCT_NAME = "$(TARGET_NAME)";
				SWIFT_VERSION = 3.0;
			};
			name = Debug;
		};
		09458DFC1E41CE040050077F /* Release */ = {
			isa = XCBuildConfiguration;
			buildSettings = {
				ASSETCATALOG_COMPILER_APPICON_NAME = AppIcon;
				INFOPLIST_FILE = "LanguageNumberPicker-Project3/Info.plist";
				LD_RUNPATH_SEARCH_PATHS = "$(inherited) @executable_path/Frameworks";
				PRODUCT_BUNDLE_IDENTIFIER = "CS-489.LanguageNumberPicker-Project3";
				PRODUCT_NAME = "$(TARGET_NAME)";
				SWIFT_VERSION = 3.0;
			};
			name = Release;
		};
		09458DFE1E41CE040050077F /* Debug */ = {
			isa = XCBuildConfiguration;
			buildSettings = {
				ALWAYS_EMBED_SWIFT_STANDARD_LIBRARIES = YES;
				BUNDLE_LOADER = "$(TEST_HOST)";
				INFOPLIST_FILE = "LanguageNumberPicker-Project3Tests/Info.plist";
				LD_RUNPATH_SEARCH_PATHS = "$(inherited) @executable_path/Frameworks @loader_path/Frameworks";
				PRODUCT_BUNDLE_IDENTIFIER = "CS-489.LanguageNumberPicker-Project3Tests";
				PRODUCT_NAME = "$(TARGET_NAME)";
				SWIFT_VERSION = 3.0;
				TEST_HOST = "$(BUILT_PRODUCTS_DIR)/LanguageNumberPicker-Project3.app/LanguageNumberPicker-Project3";
			};
			name = Debug;
		};
		09458DFF1E41CE040050077F /* Release */ = {
			isa = XCBuildConfiguration;
			buildSettings = {
				ALWAYS_EMBED_SWIFT_STANDARD_LIBRARIES = YES;
				BUNDLE_LOADER = "$(TEST_HOST)";
				INFOPLIST_FILE = "LanguageNumberPicker-Project3Tests/Info.plist";
				LD_RUNPATH_SEARCH_PATHS = "$(inherited) @executable_path/Frameworks @loader_path/Frameworks";
				PRODUCT_BUNDLE_IDENTIFIER = "CS-489.LanguageNumberPicker-Project3Tests";
				PRODUCT_NAME = "$(TARGET_NAME)";
				SWIFT_VERSION = 3.0;
				TEST_HOST = "$(BUILT_PRODUCTS_DIR)/LanguageNumberPicker-Project3.app/LanguageNumberPicker-Project3";
			};
			name = Release;
		};
		09458E011E41CE040050077F /* Debug */ = {
			isa = XCBuildConfiguration;
			buildSettings = {
				ALWAYS_EMBED_SWIFT_STANDARD_LIBRARIES = YES;
				INFOPLIST_FILE = "LanguageNumberPicker-Project3UITests/Info.plist";
				LD_RUNPATH_SEARCH_PATHS = "$(inherited) @executable_path/Frameworks @loader_path/Frameworks";
				PRODUCT_BUNDLE_IDENTIFIER = "CS-489.LanguageNumberPicker-Project3UITests";
				PRODUCT_NAME = "$(TARGET_NAME)";
				SWIFT_VERSION = 3.0;
				TEST_TARGET_NAME = "LanguageNumberPicker-Project3";
			};
			name = Debug;
		};
		09458E021E41CE040050077F /* Release */ = {
			isa = XCBuildConfiguration;
			buildSettings = {
				ALWAYS_EMBED_SWIFT_STANDARD_LIBRARIES = YES;
				INFOPLIST_FILE = "LanguageNumberPicker-Project3UITests/Info.plist";
				LD_RUNPATH_SEARCH_PATHS = "$(inherited) @executable_path/Frameworks @loader_path/Frameworks";
				PRODUCT_BUNDLE_IDENTIFIER = "CS-489.LanguageNumberPicker-Project3UITests";
				PRODUCT_NAME = "$(TARGET_NAME)";
				SWIFT_VERSION = 3.0;
				TEST_TARGET_NAME = "LanguageNumberPicker-Project3";
			};
			name = Release;
		};
/* End XCBuildConfiguration section */

/* Begin XCConfigurationList section */
		09458DCD1E41CE030050077F /* Build configuration list for PBXProject "LanguageNumberPicker-Project3" */ = {
			isa = XCConfigurationList;
			buildConfigurations = (
				09458DF81E41CE040050077F /* Debug */,
				09458DF91E41CE040050077F /* Release */,
			);
			defaultConfigurationIsVisible = 0;
			defaultConfigurationName = Release;
		};
		09458DFA1E41CE040050077F /* Build configuration list for PBXNativeTarget "LanguageNumberPicker-Project3" */ = {
			isa = XCConfigurationList;
			buildConfigurations = (
				09458DFB1E41CE040050077F /* Debug */,
				09458DFC1E41CE040050077F /* Release */,
			);
			defaultConfigurationIsVisible = 0;
			defaultConfigurationName = Release;
		};
		09458DFD1E41CE040050077F /* Build configuration list for PBXNativeTarget "LanguageNumberPicker-Project3Tests" */ = {
			isa = XCConfigurationList;
			buildConfigurations = (
				09458DFE1E41CE040050077F /* Debug */,
				09458DFF1E41CE040050077F /* Release */,
			);
			defaultConfigurationIsVisible = 0;
			defaultConfigurationName = Release;
		};
		09458E001E41CE040050077F /* Build configuration list for PBXNativeTarget "LanguageNumberPicker-Project3UITests" */ = {
			isa = XCConfigurationList;
			buildConfigurations = (
				09458E011E41CE040050077F /* Debug */,
				09458E021E41CE040050077F /* Release */,
			);
			defaultConfigurationIsVisible = 0;
			defaultConfigurationName = Release;
		};
/* End XCConfigurationList section */
	};
	rootObject = 09458DCA1E41CE030050077F /* Project object */;
}
